# THIS IS AN AUTOGENERATED FILE. DO NOT EDIT THIS FILE DIRECTLY.
# yarn lockfile v1


mime@~1.2.11:
  version "1.2.11"
  resolved "https://registry.npm.taobao.org/mime/download/mime-1.2.11.tgz#58203eed86e3a5ef17aed2b7d9ebd47f0a60dd10"

minimist@^0.2.0:
  version "0.2.0"
  resolved "https://registry.npm.taobao.org/minimist/download/minimist-0.2.0.tgz#4dffe525dae2b864c66c2e23c6271d7afdecefce"

static-html-server@^0.1.2:
  version "0.1.2"
  resolved "https://registry.npm.taobao.org/static-html-server/download/static-html-server-0.1.2.tgz#d7910a5146514a56995f82aa60e4881e34c24afa"
  dependencies:
    mime "~1.2.11"
    minimist "^0.2.0"
